// !$*UTF8*$!
{
	archiveVersion = 1;
	classes = {
	};
	objectVersion = 51;
	objects = {

/* Begin PBXBuildFile section */
		269430E13225544D4DEE4173 /* Pods_Dadi.framework in Frameworks */ = {isa = PBXBuildFile; fileRef = 84A34D025FB1D01247DF8F34 /* Pods_Dadi.framework */; };
		2B53E023250D49610009D517 /* RegisterViewController.swift in Sources */ = {isa = PBXBuildFile; fileRef = 2B53E022250D49610009D517 /* RegisterViewController.swift */; };
		2B53E025250D49EC0009D517 /* RegisterView.xib in Resources */ = {isa = PBXBuildFile; fileRef = 2B53E024250D49EC0009D517 /* RegisterView.xib */; };
		2B53E027250D4C2E0009D517 /* AuthenticationPresenterProtcol.swift in Sources */ = {isa = PBXBuildFile; fileRef = 2B53E026250D4C2E0009D517 /* AuthenticationPresenterProtcol.swift */; };
		2B53E02A250D4E5A0009D517 /* AuthenticationPresenter.swift in Sources */ = {isa = PBXBuildFile; fileRef = 2B53E029250D4E5A0009D517 /* AuthenticationPresenter.swift */; };
		2B585F3E24EEC6B70058107D /* AppDelegate.swift in Sources */ = {isa = PBXBuildFile; fileRef = 2B585F3D24EEC6B70058107D /* AppDelegate.swift */; };
		2B585F4724EEC6B90058107D /* Assets.xcassets in Resources */ = {isa = PBXBuildFile; fileRef = 2B585F4624EEC6B90058107D /* Assets.xcassets */; };
		2B585F4A24EEC6B90058107D /* LaunchScreen.storyboard in Resources */ = {isa = PBXBuildFile; fileRef = 2B585F4824EEC6B90058107D /* LaunchScreen.storyboard */; };
		2B585F5524EEC6B90058107D /* DadiTests.swift in Sources */ = {isa = PBXBuildFile; fileRef = 2B585F5424EEC6B90058107D /* DadiTests.swift */; };
		2B585F6024EEC6B90058107D /* DadiUITests.swift in Sources */ = {isa = PBXBuildFile; fileRef = 2B585F5F24EEC6B90058107D /* DadiUITests.swift */; };
		2B585F7824EEDAC30058107D /* SearchViewProtocols.swift in Sources */ = {isa = PBXBuildFile; fileRef = 2B585F7724EEDAC30058107D /* SearchViewProtocols.swift */; };
		2B585F7A24EEE1720058107D /* SearchPresenterProtocol.swift in Sources */ = {isa = PBXBuildFile; fileRef = 2B585F7924EEE1720058107D /* SearchPresenterProtocol.swift */; };
		2B585F7C24EEE1E30058107D /* SearchWireframeProtocol.swift in Sources */ = {isa = PBXBuildFile; fileRef = 2B585F7B24EEE1E30058107D /* SearchWireframeProtocol.swift */; };
		2B585F8624EEE8C80058107D /* SearchInteractorInputProtocol.swift in Sources */ = {isa = PBXBuildFile; fileRef = 2B585F8524EEE8C80058107D /* SearchInteractorInputProtocol.swift */; };
		2B585F8824EEE9D70058107D /* SearchInteractorOutputProtocol.swift in Sources */ = {isa = PBXBuildFile; fileRef = 2B585F8724EEE9D70058107D /* SearchInteractorOutputProtocol.swift */; };
		2B585F9124EEF2450058107D /* SearchAPIDataManager.swift in Sources */ = {isa = PBXBuildFile; fileRef = 2B585F9024EEF2440058107D /* SearchAPIDataManager.swift */; };
		2B585F9324EEFF640058107D /* SearchAPIDataManagerProtocol.swift in Sources */ = {isa = PBXBuildFile; fileRef = 2B585F9224EEFF640058107D /* SearchAPIDataManagerProtocol.swift */; };
		2B585F9A24EF076E0058107D /* RoomDetailEntity.swift in Sources */ = {isa = PBXBuildFile; fileRef = 2B585F9924EF076E0058107D /* RoomDetailEntity.swift */; };
		2B5E114D250D085C004F3636 /* AuthenticationWireframe.swift in Sources */ = {isa = PBXBuildFile; fileRef = 2B5E114C250D085C004F3636 /* AuthenticationWireframe.swift */; };
		2B5E1150250D0F21004F3636 /* AuthentiactionWireframeProtocol.swift in Sources */ = {isa = PBXBuildFile; fileRef = 2B5E114F250D0F21004F3636 /* AuthentiactionWireframeProtocol.swift */; };
		2B5E1154250D149E004F3636 /* EntryView.xib in Resources */ = {isa = PBXBuildFile; fileRef = 2B5E1153250D149E004F3636 /* EntryView.xib */; };
		2B5E1156250D14C0004F3636 /* EntryViewController.swift in Sources */ = {isa = PBXBuildFile; fileRef = 2B5E1155250D14C0004F3636 /* EntryViewController.swift */; };
		2B5E115A250D2291004F3636 /* LoginViewController.swift in Sources */ = {isa = PBXBuildFile; fileRef = 2B5E1159250D2291004F3636 /* LoginViewController.swift */; };
		2B5E1160250D258C004F3636 /* LoginView.xib in Resources */ = {isa = PBXBuildFile; fileRef = 2B5E115F250D258C004F3636 /* LoginView.xib */; };
		2B6BBEBD250E7EB400E6E250 /* ChatWireframe.swift in Sources */ = {isa = PBXBuildFile; fileRef = 2B6BBEB9250E7EB400E6E250 /* ChatWireframe.swift */; };
		2B6BBEBE250E7EB400E6E250 /* ChatsViewController.swift in Sources */ = {isa = PBXBuildFile; fileRef = 2B6BBEBB250E7EB400E6E250 /* ChatsViewController.swift */; };
		2B6BBEBF250E7EB400E6E250 /* ChatsView.xib in Resources */ = {isa = PBXBuildFile; fileRef = 2B6BBEBC250E7EB400E6E250 /* ChatsView.xib */; };
		2B6BBEC6250F640100E6E250 /* LocationEntity.swift in Sources */ = {isa = PBXBuildFile; fileRef = 2B6BBEC5250F640100E6E250 /* LocationEntity.swift */; };
		2B9CB1C8250E29DD000EDDFC /* HomeTabBarController.swift in Sources */ = {isa = PBXBuildFile; fileRef = 2B9CB1C7250E29DD000EDDFC /* HomeTabBarController.swift */; };
		2B9CB1CA250E312D000EDDFC /* SearchWireframe.swift in Sources */ = {isa = PBXBuildFile; fileRef = 2B9CB1C9250E312D000EDDFC /* SearchWireframe.swift */; };
		2B9CB1DC250E69E1000EDDFC /* FavoritesWireframe.swift in Sources */ = {isa = PBXBuildFile; fileRef = 2B9CB1D8250E69E1000EDDFC /* FavoritesWireframe.swift */; };
		2B9CB1DD250E69E1000EDDFC /* FavoritesViewController.swift in Sources */ = {isa = PBXBuildFile; fileRef = 2B9CB1DA250E69E1000EDDFC /* FavoritesViewController.swift */; };
		2B9CB1DE250E69E1000EDDFC /* FavoritesView.xib in Resources */ = {isa = PBXBuildFile; fileRef = 2B9CB1DB250E69E1000EDDFC /* FavoritesView.xib */; };
		2BFEE103250F8949003FAB93 /* SeekerHomeView.xib in Resources */ = {isa = PBXBuildFile; fileRef = 2BFEE102250F8949003FAB93 /* SeekerHomeView.xib */; };
		2BFEE105250F8AE3003FAB93 /* SeekerHomeViewController.swift in Sources */ = {isa = PBXBuildFile; fileRef = 2BFEE104250F8AE3003FAB93 /* SeekerHomeViewController.swift */; };
		2BFEE107250F8F83003FAB93 /* LocationsViewController.swift in Sources */ = {isa = PBXBuildFile; fileRef = 2BFEE106250F8F83003FAB93 /* LocationsViewController.swift */; };
		2BFEE109250FA002003FAB93 /* LocationsView.xib in Resources */ = {isa = PBXBuildFile; fileRef = 2BFEE108250FA002003FAB93 /* LocationsView.xib */; };
		2BFEE10B250FA61F003FAB93 /* SearchPresenter.swift in Sources */ = {isa = PBXBuildFile; fileRef = 2BFEE10A250FA61F003FAB93 /* SearchPresenter.swift */; };
		2BFEE110250FAE60003FAB93 /* LocationTableViewCell.xib in Resources */ = {isa = PBXBuildFile; fileRef = 2BFEE10E250FAE60003FAB93 /* LocationTableViewCell.xib */; };
		2BFEE111250FAE60003FAB93 /* LocationTableViewCell.swift in Sources */ = {isa = PBXBuildFile; fileRef = 2BFEE10F250FAE60003FAB93 /* LocationTableViewCell.swift */; };
		2BFEE117250FC113003FAB93 /* RoomsViewController.swift in Sources */ = {isa = PBXBuildFile; fileRef = 2BFEE112250FC113003FAB93 /* RoomsViewController.swift */; };
		2BFEE118250FC113003FAB93 /* RoomTableViewCell.xib in Resources */ = {isa = PBXBuildFile; fileRef = 2BFEE114250FC113003FAB93 /* RoomTableViewCell.xib */; };
		2BFEE119250FC113003FAB93 /* RoomTableViewCell.swift in Sources */ = {isa = PBXBuildFile; fileRef = 2BFEE115250FC113003FAB93 /* RoomTableViewCell.swift */; };
		2BFEE11A250FC113003FAB93 /* RoomsView.xib in Resources */ = {isa = PBXBuildFile; fileRef = 2BFEE116250FC113003FAB93 /* RoomsView.xib */; };
		2BFEE11C250FC5B8003FAB93 /* RoomEntity.swift in Sources */ = {isa = PBXBuildFile; fileRef = 2BFEE11B250FC5B8003FAB93 /* RoomEntity.swift */; };
		2BFEE11E250FC77C003FAB93 /* PictureEntity.swift in Sources */ = {isa = PBXBuildFile; fileRef = 2BFEE11D250FC77C003FAB93 /* PictureEntity.swift */; };
		2BFEE120250FD016003FAB93 /* OwnerEntity.swift in Sources */ = {isa = PBXBuildFile; fileRef = 2BFEE11F250FD016003FAB93 /* OwnerEntity.swift */; };
		2BFEE122250FDA97003FAB93 /* SearchInteractor.swift in Sources */ = {isa = PBXBuildFile; fileRef = 2BFEE121250FDA97003FAB93 /* SearchInteractor.swift */; };
		2BFEE124250FF619003FAB93 /* URLDataRetriever.swift in Sources */ = {isa = PBXBuildFile; fileRef = 2BFEE123250FF619003FAB93 /* URLDataRetriever.swift */; };
		2BFEE1262510D068003FAB93 /* DetailViewController.swift in Sources */ = {isa = PBXBuildFile; fileRef = 2BFEE1252510D068003FAB93 /* DetailViewController.swift */; };
		2BFF352F250E707F00158614 /* ProfileWireframe.swift in Sources */ = {isa = PBXBuildFile; fileRef = 2BFF352B250E707F00158614 /* ProfileWireframe.swift */; };
		2BFF3530250E707F00158614 /* ProfileView.xib in Resources */ = {isa = PBXBuildFile; fileRef = 2BFF352D250E707F00158614 /* ProfileView.xib */; };
		2BFF3531250E707F00158614 /* ProfileViewController.swift in Sources */ = {isa = PBXBuildFile; fileRef = 2BFF352E250E707F00158614 /* ProfileViewController.swift */; };
		8E9D5ADFB6968A4CE71957B7 /* Pods_DadiTests.framework in Frameworks */ = {isa = PBXBuildFile; fileRef = B0B32422ABFDF23FBAEA7493 /* Pods_DadiTests.framework */; };
/* End PBXBuildFile section */

/* Begin PBXContainerItemProxy section */
		2B585F5124EEC6B90058107D /* PBXContainerItemProxy */ = {
			isa = PBXContainerItemProxy;
			containerPortal = 2B585F3224EEC6B70058107D /* Project object */;
			proxyType = 1;
			remoteGlobalIDString = 2B585F3924EEC6B70058107D;
			remoteInfo = Dadi;
		};
		2B585F5C24EEC6B90058107D /* PBXContainerItemProxy */ = {
			isa = PBXContainerItemProxy;
			containerPortal = 2B585F3224EEC6B70058107D /* Project object */;
			proxyType = 1;
			remoteGlobalIDString = 2B585F3924EEC6B70058107D;
			remoteInfo = Dadi;
		};
/* End PBXContainerItemProxy section */

/* Begin PBXFileReference section */
		001C5C3FD136E54343721925 /* Pods-DadiTests.debug.xcconfig */ = {isa = PBXFileReference; includeInIndex = 1; lastKnownFileType = text.xcconfig; name = "Pods-DadiTests.debug.xcconfig"; path = "Target Support Files/Pods-DadiTests/Pods-DadiTests.debug.xcconfig"; sourceTree = "<group>"; };
		24C8161A0B642ABB05890768 /* Pods-DadiTests.release.xcconfig */ = {isa = PBXFileReference; includeInIndex = 1; lastKnownFileType = text.xcconfig; name = "Pods-DadiTests.release.xcconfig"; path = "Target Support Files/Pods-DadiTests/Pods-DadiTests.release.xcconfig"; sourceTree = "<group>"; };
		2B53E022250D49610009D517 /* RegisterViewController.swift */ = {isa = PBXFileReference; lastKnownFileType = sourcecode.swift; path = RegisterViewController.swift; sourceTree = "<group>"; };
		2B53E024250D49EC0009D517 /* RegisterView.xib */ = {isa = PBXFileReference; fileEncoding = 4; lastKnownFileType = file.xib; path = RegisterView.xib; sourceTree = "<group>"; };
		2B53E026250D4C2E0009D517 /* AuthenticationPresenterProtcol.swift */ = {isa = PBXFileReference; lastKnownFileType = sourcecode.swift; path = AuthenticationPresenterProtcol.swift; sourceTree = "<group>"; };
		2B53E029250D4E5A0009D517 /* AuthenticationPresenter.swift */ = {isa = PBXFileReference; lastKnownFileType = sourcecode.swift; path = AuthenticationPresenter.swift; sourceTree = "<group>"; };
		2B585F3A24EEC6B70058107D /* Dadi.app */ = {isa = PBXFileReference; explicitFileType = wrapper.application; includeInIndex = 0; path = Dadi.app; sourceTree = BUILT_PRODUCTS_DIR; };
		2B585F3D24EEC6B70058107D /* AppDelegate.swift */ = {isa = PBXFileReference; lastKnownFileType = sourcecode.swift; path = AppDelegate.swift; sourceTree = "<group>"; };
		2B585F4624EEC6B90058107D /* Assets.xcassets */ = {isa = PBXFileReference; lastKnownFileType = folder.assetcatalog; path = Assets.xcassets; sourceTree = "<group>"; };
		2B585F4924EEC6B90058107D /* Base */ = {isa = PBXFileReference; lastKnownFileType = file.storyboard; name = Base; path = Base.lproj/LaunchScreen.storyboard; sourceTree = "<group>"; };
		2B585F4B24EEC6B90058107D /* Info.plist */ = {isa = PBXFileReference; lastKnownFileType = text.plist.xml; path = Info.plist; sourceTree = "<group>"; };
		2B585F5024EEC6B90058107D /* DadiTests.xctest */ = {isa = PBXFileReference; explicitFileType = wrapper.cfbundle; includeInIndex = 0; path = DadiTests.xctest; sourceTree = BUILT_PRODUCTS_DIR; };
		2B585F5424EEC6B90058107D /* DadiTests.swift */ = {isa = PBXFileReference; lastKnownFileType = sourcecode.swift; path = DadiTests.swift; sourceTree = "<group>"; };
		2B585F5624EEC6B90058107D /* Info.plist */ = {isa = PBXFileReference; lastKnownFileType = text.plist.xml; path = Info.plist; sourceTree = "<group>"; };
		2B585F5B24EEC6B90058107D /* DadiUITests.xctest */ = {isa = PBXFileReference; explicitFileType = wrapper.cfbundle; includeInIndex = 0; path = DadiUITests.xctest; sourceTree = BUILT_PRODUCTS_DIR; };
		2B585F5F24EEC6B90058107D /* DadiUITests.swift */ = {isa = PBXFileReference; lastKnownFileType = sourcecode.swift; path = DadiUITests.swift; sourceTree = "<group>"; };
		2B585F6124EEC6B90058107D /* Info.plist */ = {isa = PBXFileReference; lastKnownFileType = text.plist.xml; path = Info.plist; sourceTree = "<group>"; };
		2B585F7724EEDAC30058107D /* SearchViewProtocols.swift */ = {isa = PBXFileReference; lastKnownFileType = sourcecode.swift; path = SearchViewProtocols.swift; sourceTree = "<group>"; };
		2B585F7924EEE1720058107D /* SearchPresenterProtocol.swift */ = {isa = PBXFileReference; lastKnownFileType = sourcecode.swift; path = SearchPresenterProtocol.swift; sourceTree = "<group>"; };
		2B585F7B24EEE1E30058107D /* SearchWireframeProtocol.swift */ = {isa = PBXFileReference; lastKnownFileType = sourcecode.swift; path = SearchWireframeProtocol.swift; sourceTree = "<group>"; };
		2B585F8524EEE8C80058107D /* SearchInteractorInputProtocol.swift */ = {isa = PBXFileReference; lastKnownFileType = sourcecode.swift; path = SearchInteractorInputProtocol.swift; sourceTree = "<group>"; };
		2B585F8724EEE9D70058107D /* SearchInteractorOutputProtocol.swift */ = {isa = PBXFileReference; lastKnownFileType = sourcecode.swift; path = SearchInteractorOutputProtocol.swift; sourceTree = "<group>"; };
		2B585F9024EEF2440058107D /* SearchAPIDataManager.swift */ = {isa = PBXFileReference; lastKnownFileType = sourcecode.swift; path = SearchAPIDataManager.swift; sourceTree = "<group>"; };
		2B585F9224EEFF640058107D /* SearchAPIDataManagerProtocol.swift */ = {isa = PBXFileReference; lastKnownFileType = sourcecode.swift; path = SearchAPIDataManagerProtocol.swift; sourceTree = "<group>"; };
		2B585F9924EF076E0058107D /* RoomDetailEntity.swift */ = {isa = PBXFileReference; lastKnownFileType = sourcecode.swift; path = RoomDetailEntity.swift; sourceTree = "<group>"; };
		2B5E114C250D085C004F3636 /* AuthenticationWireframe.swift */ = {isa = PBXFileReference; lastKnownFileType = sourcecode.swift; path = AuthenticationWireframe.swift; sourceTree = "<group>"; };
		2B5E114F250D0F21004F3636 /* AuthentiactionWireframeProtocol.swift */ = {isa = PBXFileReference; lastKnownFileType = sourcecode.swift; path = AuthentiactionWireframeProtocol.swift; sourceTree = "<group>"; };
		2B5E1153250D149E004F3636 /* EntryView.xib */ = {isa = PBXFileReference; lastKnownFileType = file.xib; path = EntryView.xib; sourceTree = "<group>"; };
		2B5E1155250D14C0004F3636 /* EntryViewController.swift */ = {isa = PBXFileReference; lastKnownFileType = sourcecode.swift; path = EntryViewController.swift; sourceTree = "<group>"; };
		2B5E1159250D2291004F3636 /* LoginViewController.swift */ = {isa = PBXFileReference; lastKnownFileType = sourcecode.swift; path = LoginViewController.swift; sourceTree = "<group>"; };
		2B5E115F250D258C004F3636 /* LoginView.xib */ = {isa = PBXFileReference; fileEncoding = 4; lastKnownFileType = file.xib; path = LoginView.xib; sourceTree = "<group>"; };
		2B6BBEB9250E7EB400E6E250 /* ChatWireframe.swift */ = {isa = PBXFileReference; fileEncoding = 4; lastKnownFileType = sourcecode.swift; path = ChatWireframe.swift; sourceTree = "<group>"; };
		2B6BBEBB250E7EB400E6E250 /* ChatsViewController.swift */ = {isa = PBXFileReference; fileEncoding = 4; lastKnownFileType = sourcecode.swift; path = ChatsViewController.swift; sourceTree = "<group>"; };
		2B6BBEBC250E7EB400E6E250 /* ChatsView.xib */ = {isa = PBXFileReference; fileEncoding = 4; lastKnownFileType = file.xib; path = ChatsView.xib; sourceTree = "<group>"; };
		2B6BBEC5250F640100E6E250 /* LocationEntity.swift */ = {isa = PBXFileReference; lastKnownFileType = sourcecode.swift; path = LocationEntity.swift; sourceTree = "<group>"; };
		2B9CB1C7250E29DD000EDDFC /* HomeTabBarController.swift */ = {isa = PBXFileReference; lastKnownFileType = sourcecode.swift; path = HomeTabBarController.swift; sourceTree = "<group>"; };
		2B9CB1C9250E312D000EDDFC /* SearchWireframe.swift */ = {isa = PBXFileReference; lastKnownFileType = sourcecode.swift; path = SearchWireframe.swift; sourceTree = "<group>"; };
		2B9CB1D8250E69E1000EDDFC /* FavoritesWireframe.swift */ = {isa = PBXFileReference; fileEncoding = 4; lastKnownFileType = sourcecode.swift; path = FavoritesWireframe.swift; sourceTree = "<group>"; };
		2B9CB1DA250E69E1000EDDFC /* FavoritesViewController.swift */ = {isa = PBXFileReference; fileEncoding = 4; lastKnownFileType = sourcecode.swift; path = FavoritesViewController.swift; sourceTree = "<group>"; };
		2B9CB1DB250E69E1000EDDFC /* FavoritesView.xib */ = {isa = PBXFileReference; fileEncoding = 4; lastKnownFileType = file.xib; path = FavoritesView.xib; sourceTree = "<group>"; };
		2BFEE102250F8949003FAB93 /* SeekerHomeView.xib */ = {isa = PBXFileReference; fileEncoding = 4; lastKnownFileType = file.xib; path = SeekerHomeView.xib; sourceTree = "<group>"; };
		2BFEE104250F8AE3003FAB93 /* SeekerHomeViewController.swift */ = {isa = PBXFileReference; lastKnownFileType = sourcecode.swift; path = SeekerHomeViewController.swift; sourceTree = "<group>"; };
		2BFEE106250F8F83003FAB93 /* LocationsViewController.swift */ = {isa = PBXFileReference; lastKnownFileType = sourcecode.swift; path = LocationsViewController.swift; sourceTree = "<group>"; };
		2BFEE108250FA002003FAB93 /* LocationsView.xib */ = {isa = PBXFileReference; fileEncoding = 4; lastKnownFileType = file.xib; path = LocationsView.xib; sourceTree = "<group>"; };
		2BFEE10A250FA61F003FAB93 /* SearchPresenter.swift */ = {isa = PBXFileReference; lastKnownFileType = sourcecode.swift; path = SearchPresenter.swift; sourceTree = "<group>"; };
		2BFEE10E250FAE60003FAB93 /* LocationTableViewCell.xib */ = {isa = PBXFileReference; fileEncoding = 4; lastKnownFileType = file.xib; path = LocationTableViewCell.xib; sourceTree = "<group>"; };
		2BFEE10F250FAE60003FAB93 /* LocationTableViewCell.swift */ = {isa = PBXFileReference; fileEncoding = 4; lastKnownFileType = sourcecode.swift; path = LocationTableViewCell.swift; sourceTree = "<group>"; };
		2BFEE112250FC113003FAB93 /* RoomsViewController.swift */ = {isa = PBXFileReference; fileEncoding = 4; lastKnownFileType = sourcecode.swift; path = RoomsViewController.swift; sourceTree = "<group>"; };
		2BFEE114250FC113003FAB93 /* RoomTableViewCell.xib */ = {isa = PBXFileReference; fileEncoding = 4; lastKnownFileType = file.xib; path = RoomTableViewCell.xib; sourceTree = "<group>"; };
		2BFEE115250FC113003FAB93 /* RoomTableViewCell.swift */ = {isa = PBXFileReference; fileEncoding = 4; lastKnownFileType = sourcecode.swift; path = RoomTableViewCell.swift; sourceTree = "<group>"; };
		2BFEE116250FC113003FAB93 /* RoomsView.xib */ = {isa = PBXFileReference; fileEncoding = 4; lastKnownFileType = file.xib; path = RoomsView.xib; sourceTree = "<group>"; };
		2BFEE11B250FC5B8003FAB93 /* RoomEntity.swift */ = {isa = PBXFileReference; lastKnownFileType = sourcecode.swift; path = RoomEntity.swift; sourceTree = "<group>"; };
		2BFEE11D250FC77C003FAB93 /* PictureEntity.swift */ = {isa = PBXFileReference; lastKnownFileType = sourcecode.swift; path = PictureEntity.swift; sourceTree = "<group>"; };
		2BFEE11F250FD016003FAB93 /* OwnerEntity.swift */ = {isa = PBXFileReference; lastKnownFileType = sourcecode.swift; path = OwnerEntity.swift; sourceTree = "<group>"; };
		2BFEE121250FDA97003FAB93 /* SearchInteractor.swift */ = {isa = PBXFileReference; lastKnownFileType = sourcecode.swift; path = SearchInteractor.swift; sourceTree = "<group>"; };
		2BFEE123250FF619003FAB93 /* URLDataRetriever.swift */ = {isa = PBXFileReference; lastKnownFileType = sourcecode.swift; path = URLDataRetriever.swift; sourceTree = "<group>"; };
		2BFEE1252510D068003FAB93 /* DetailViewController.swift */ = {isa = PBXFileReference; fileEncoding = 4; lastKnownFileType = sourcecode.swift; path = DetailViewController.swift; sourceTree = "<group>"; };
		2BFF352B250E707F00158614 /* ProfileWireframe.swift */ = {isa = PBXFileReference; fileEncoding = 4; lastKnownFileType = sourcecode.swift; path = ProfileWireframe.swift; sourceTree = "<group>"; };
		2BFF352D250E707F00158614 /* ProfileView.xib */ = {isa = PBXFileReference; fileEncoding = 4; lastKnownFileType = file.xib; path = ProfileView.xib; sourceTree = "<group>"; };
		2BFF352E250E707F00158614 /* ProfileViewController.swift */ = {isa = PBXFileReference; fileEncoding = 4; lastKnownFileType = sourcecode.swift; path = ProfileViewController.swift; sourceTree = "<group>"; };
		47B42D1B9459E6A5BF2C7108 /* Pods-Dadi.debug.xcconfig */ = {isa = PBXFileReference; includeInIndex = 1; lastKnownFileType = text.xcconfig; name = "Pods-Dadi.debug.xcconfig"; path = "Target Support Files/Pods-Dadi/Pods-Dadi.debug.xcconfig"; sourceTree = "<group>"; };
		84A34D025FB1D01247DF8F34 /* Pods_Dadi.framework */ = {isa = PBXFileReference; explicitFileType = wrapper.framework; includeInIndex = 0; path = Pods_Dadi.framework; sourceTree = BUILT_PRODUCTS_DIR; };
		B0B32422ABFDF23FBAEA7493 /* Pods_DadiTests.framework */ = {isa = PBXFileReference; explicitFileType = wrapper.framework; includeInIndex = 0; path = Pods_DadiTests.framework; sourceTree = BUILT_PRODUCTS_DIR; };
		D2092F74E5982530A340580A /* Pods-Dadi.release.xcconfig */ = {isa = PBXFileReference; includeInIndex = 1; lastKnownFileType = text.xcconfig; name = "Pods-Dadi.release.xcconfig"; path = "Target Support Files/Pods-Dadi/Pods-Dadi.release.xcconfig"; sourceTree = "<group>"; };
/* End PBXFileReference section */

/* Begin PBXFrameworksBuildPhase section */
		2B585F3724EEC6B70058107D /* Frameworks */ = {
			isa = PBXFrameworksBuildPhase;
			buildActionMask = 2147483647;
			files = (
				269430E13225544D4DEE4173 /* Pods_Dadi.framework in Frameworks */,
			);
			runOnlyForDeploymentPostprocessing = 0;
		};
		2B585F4D24EEC6B90058107D /* Frameworks */ = {
			isa = PBXFrameworksBuildPhase;
			buildActionMask = 2147483647;
			files = (
				8E9D5ADFB6968A4CE71957B7 /* Pods_DadiTests.framework in Frameworks */,
			);
			runOnlyForDeploymentPostprocessing = 0;
		};
		2B585F5824EEC6B90058107D /* Frameworks */ = {
			isa = PBXFrameworksBuildPhase;
			buildActionMask = 2147483647;
			files = (
			);
			runOnlyForDeploymentPostprocessing = 0;
		};
/* End PBXFrameworksBuildPhase section */

/* Begin PBXGroup section */
		2B53E028250D4E2D0009D517 /* Presenter */ = {
			isa = PBXGroup;
			children = (
				2B53E029250D4E5A0009D517 /* AuthenticationPresenter.swift */,
			);
			path = Presenter;
			sourceTree = "<group>";
		};
		2B585F3124EEC6B70058107D = {
			isa = PBXGroup;
			children = (
				2B585F3C24EEC6B70058107D /* Dadi */,
				2B585F5324EEC6B90058107D /* DadiTests */,
				2B585F5E24EEC6B90058107D /* DadiUITests */,
				2B585F3B24EEC6B70058107D /* Products */,
				649F9B721AF0B54E1007FE44 /* Pods */,
				54892F4807926CE786895606 /* Frameworks */,
			);
			sourceTree = "<group>";
		};
		2B585F3B24EEC6B70058107D /* Products */ = {
			isa = PBXGroup;
			children = (
				2B585F3A24EEC6B70058107D /* Dadi.app */,
				2B585F5024EEC6B90058107D /* DadiTests.xctest */,
				2B585F5B24EEC6B90058107D /* DadiUITests.xctest */,
			);
			name = Products;
			sourceTree = "<group>";
		};
		2B585F3C24EEC6B70058107D /* Dadi */ = {
			isa = PBXGroup;
			children = (
				2B6ACC84250151140041C6D3 /* SupportingFiles */,
				2B585F7E24EEE35A0058107D /* Common */,
				2B585F7D24EEE3310058107D /* Modules */,
			);
			path = Dadi;
			sourceTree = "<group>";
		};
		2B585F5324EEC6B90058107D /* DadiTests */ = {
			isa = PBXGroup;
			children = (
				2B585F5424EEC6B90058107D /* DadiTests.swift */,
				2B585F5624EEC6B90058107D /* Info.plist */,
			);
			path = DadiTests;
			sourceTree = "<group>";
		};
		2B585F5E24EEC6B90058107D /* DadiUITests */ = {
			isa = PBXGroup;
			children = (
				2B585F5F24EEC6B90058107D /* DadiUITests.swift */,
				2B585F6124EEC6B90058107D /* Info.plist */,
			);
			path = DadiUITests;
			sourceTree = "<group>";
		};
		2B585F6D24EED5C70058107D /* Search */ = {
			isa = PBXGroup;
			children = (
				2B585F7624EEDA770058107D /* Protocol */,
				2B585FA424F032AE0058107D /* Wireframe */,
				2B585F6E24EED5DC0058107D /* View */,
				2B585FA224F032840058107D /* Presenter */,
				2B585FA324F0328F0058107D /* Interactor */,
				2B585F8F24EEF21D0058107D /* DataManager */,
			);
			path = Search;
			sourceTree = "<group>";
		};
		2B585F6E24EED5DC0058107D /* View */ = {
			isa = PBXGroup;
			children = (
				2B6BBEC0250E84EE00E6E250 /* SeekerHome */,
				2B6BBEC4250E900B00E6E250 /* Locations */,
				2B6BBEC1250E851300E6E250 /* Rooms */,
				2B6BBEC2250E857B00E6E250 /* RoomDetail */,
			);
			path = View;
			sourceTree = "<group>";
		};
		2B585F7624EEDA770058107D /* Protocol */ = {
			isa = PBXGroup;
			children = (
				2B585F7B24EEE1E30058107D /* SearchWireframeProtocol.swift */,
				2B585F7724EEDAC30058107D /* SearchViewProtocols.swift */,
				2B585F7924EEE1720058107D /* SearchPresenterProtocol.swift */,
				2B585F8724EEE9D70058107D /* SearchInteractorOutputProtocol.swift */,
				2B585F8524EEE8C80058107D /* SearchInteractorInputProtocol.swift */,
				2B585F9224EEFF640058107D /* SearchAPIDataManagerProtocol.swift */,
			);
			path = Protocol;
			sourceTree = "<group>";
		};
		2B585F7D24EEE3310058107D /* Modules */ = {
			isa = PBXGroup;
			children = (
				2B6ACC852501512D0041C6D3 /* Authentication */,
				2B6ACC872501542C0041C6D3 /* Onboarding */,
				2B6ACC89250154630041C6D3 /* Home */,
				2B585F6D24EED5C70058107D /* Search */,
				2B6BBEB7250E7EB400E6E250 /* Chat */,
				2B9CB1D6250E69E1000EDDFC /* Favorites */,
				2BFF3529250E707F00158614 /* Profile */,
			);
			path = Modules;
			sourceTree = "<group>";
		};
		2B585F7E24EEE35A0058107D /* Common */ = {
			isa = PBXGroup;
			children = (
				2B585F9424EF03E90058107D /* Entities */,
				2B585F9C24EF0B0E0058107D /* DataRetriever */,
			);
			path = Common;
			sourceTree = "<group>";
		};
		2B585F8F24EEF21D0058107D /* DataManager */ = {
			isa = PBXGroup;
			children = (
				2B585F9024EEF2440058107D /* SearchAPIDataManager.swift */,
			);
			path = DataManager;
			sourceTree = "<group>";
		};
		2B585F9424EF03E90058107D /* Entities */ = {
			isa = PBXGroup;
			children = (
				2B6BBEC5250F640100E6E250 /* LocationEntity.swift */,
				2B585F9924EF076E0058107D /* RoomDetailEntity.swift */,
				2BFEE11B250FC5B8003FAB93 /* RoomEntity.swift */,
				2BFEE11D250FC77C003FAB93 /* PictureEntity.swift */,
				2BFEE11F250FD016003FAB93 /* OwnerEntity.swift */,
			);
			path = Entities;
			sourceTree = "<group>";
		};
		2B585F9C24EF0B0E0058107D /* DataRetriever */ = {
			isa = PBXGroup;
			children = (
				2BFEE123250FF619003FAB93 /* URLDataRetriever.swift */,
			);
			path = DataRetriever;
			sourceTree = "<group>";
		};
		2B585FA224F032840058107D /* Presenter */ = {
			isa = PBXGroup;
			children = (
				2BFEE10A250FA61F003FAB93 /* SearchPresenter.swift */,
			);
			path = Presenter;
			sourceTree = "<group>";
		};
		2B585FA324F0328F0058107D /* Interactor */ = {
			isa = PBXGroup;
			children = (
				2BFEE121250FDA97003FAB93 /* SearchInteractor.swift */,
			);
			path = Interactor;
			sourceTree = "<group>";
		};
		2B585FA424F032AE0058107D /* Wireframe */ = {
			isa = PBXGroup;
			children = (
				2B9CB1C9250E312D000EDDFC /* SearchWireframe.swift */,
			);
			path = Wireframe;
			sourceTree = "<group>";
		};
		2B5E114B250D0833004F3636 /* Wireframe */ = {
			isa = PBXGroup;
			children = (
				2B5E114C250D085C004F3636 /* AuthenticationWireframe.swift */,
			);
			path = Wireframe;
			sourceTree = "<group>";
		};
		2B5E114E250D0F07004F3636 /* Protocol */ = {
			isa = PBXGroup;
			children = (
				2B5E114F250D0F21004F3636 /* AuthentiactionWireframeProtocol.swift */,
				2B53E026250D4C2E0009D517 /* AuthenticationPresenterProtcol.swift */,
			);
			path = Protocol;
			sourceTree = "<group>";
		};
		2B5E1151250D129F004F3636 /* View */ = {
			isa = PBXGroup;
			children = (
				2B5E1152250D147F004F3636 /* Entry */,
				2B5E1158250D2117004F3636 /* Login */,
				2B5E1157250D2109004F3636 /* Register */,
			);
			path = View;
			sourceTree = "<group>";
		};
		2B5E1152250D147F004F3636 /* Entry */ = {
			isa = PBXGroup;
			children = (
				2B5E1155250D14C0004F3636 /* EntryViewController.swift */,
				2B5E1153250D149E004F3636 /* EntryView.xib */,
			);
			path = Entry;
			sourceTree = "<group>";
		};
		2B5E1157250D2109004F3636 /* Register */ = {
			isa = PBXGroup;
			children = (
				2B53E022250D49610009D517 /* RegisterViewController.swift */,
				2B53E024250D49EC0009D517 /* RegisterView.xib */,
			);
			path = Register;
			sourceTree = "<group>";
		};
		2B5E1158250D2117004F3636 /* Login */ = {
			isa = PBXGroup;
			children = (
				2B5E1159250D2291004F3636 /* LoginViewController.swift */,
				2B5E115F250D258C004F3636 /* LoginView.xib */,
			);
			path = Login;
			sourceTree = "<group>";
		};
		2B6ACC84250151140041C6D3 /* SupportingFiles */ = {
			isa = PBXGroup;
			children = (
				2B585F4B24EEC6B90058107D /* Info.plist */,
				2B585F3D24EEC6B70058107D /* AppDelegate.swift */,
				2B585F4624EEC6B90058107D /* Assets.xcassets */,
				2B585F4824EEC6B90058107D /* LaunchScreen.storyboard */,
			);
			path = SupportingFiles;
			sourceTree = "<group>";
		};
		2B6ACC852501512D0041C6D3 /* Authentication */ = {
			isa = PBXGroup;
			children = (
				2B5E114E250D0F07004F3636 /* Protocol */,
				2B5E114B250D0833004F3636 /* Wireframe */,
				2B5E1151250D129F004F3636 /* View */,
				2B53E028250D4E2D0009D517 /* Presenter */,
			);
			path = Authentication;
			sourceTree = "<group>";
		};
		2B6ACC872501542C0041C6D3 /* Onboarding */ = {
			isa = PBXGroup;
			children = (
			);
			path = Onboarding;
			sourceTree = "<group>";
		};
		2B6ACC89250154630041C6D3 /* Home */ = {
			isa = PBXGroup;
			children = (
				2B9CB1C6250E29B8000EDDFC /* View */,
			);
			path = Home;
			sourceTree = "<group>";
		};
		2B6BBEB7250E7EB400E6E250 /* Chat */ = {
			isa = PBXGroup;
			children = (
				2B6BBEB8250E7EB400E6E250 /* Wireframe */,
				2B6BBEBA250E7EB400E6E250 /* View */,
			);
			path = Chat;
			sourceTree = "<group>";
		};
		2B6BBEB8250E7EB400E6E250 /* Wireframe */ = {
			isa = PBXGroup;
			children = (
				2B6BBEB9250E7EB400E6E250 /* ChatWireframe.swift */,
			);
			path = Wireframe;
			sourceTree = "<group>";
		};
		2B6BBEBA250E7EB400E6E250 /* View */ = {
			isa = PBXGroup;
			children = (
				2B6BBEBB250E7EB400E6E250 /* ChatsViewController.swift */,
				2B6BBEBC250E7EB400E6E250 /* ChatsView.xib */,
			);
			path = View;
			sourceTree = "<group>";
		};
		2B6BBEC0250E84EE00E6E250 /* SeekerHome */ = {
			isa = PBXGroup;
			children = (
				2BFEE104250F8AE3003FAB93 /* SeekerHomeViewController.swift */,
				2BFEE102250F8949003FAB93 /* SeekerHomeView.xib */,
			);
			path = SeekerHome;
			sourceTree = "<group>";
		};
		2B6BBEC1250E851300E6E250 /* Rooms */ = {
			isa = PBXGroup;
			children = (
				2BFEE113250FC113003FAB93 /* Cell */,
				2BFEE112250FC113003FAB93 /* RoomsViewController.swift */,
				2BFEE116250FC113003FAB93 /* RoomsView.xib */,
			);
			path = Rooms;
			sourceTree = "<group>";
		};
		2B6BBEC2250E857B00E6E250 /* RoomDetail */ = {
			isa = PBXGroup;
			children = (
				2BFEE1252510D068003FAB93 /* DetailViewController.swift */,
			);
			path = RoomDetail;
			sourceTree = "<group>";
		};
		2B6BBEC4250E900B00E6E250 /* Locations */ = {
			isa = PBXGroup;
			children = (
				2BFEE10D250FAE60003FAB93 /* Cell */,
				2BFEE106250F8F83003FAB93 /* LocationsViewController.swift */,
				2BFEE108250FA002003FAB93 /* LocationsView.xib */,
			);
			path = Locations;
			sourceTree = "<group>";
		};
		2B9CB1C6250E29B8000EDDFC /* View */ = {
			isa = PBXGroup;
			children = (
				2B9CB1C7250E29DD000EDDFC /* HomeTabBarController.swift */,
			);
			path = View;
			sourceTree = "<group>";
		};
		2B9CB1D6250E69E1000EDDFC /* Favorites */ = {
			isa = PBXGroup;
			children = (
				2B9CB1D7250E69E1000EDDFC /* Wireframe */,
				2B9CB1D9250E69E1000EDDFC /* View */,
			);
			path = Favorites;
			sourceTree = "<group>";
		};
		2B9CB1D7250E69E1000EDDFC /* Wireframe */ = {
			isa = PBXGroup;
			children = (
				2B9CB1D8250E69E1000EDDFC /* FavoritesWireframe.swift */,
			);
			path = Wireframe;
			sourceTree = "<group>";
		};
		2B9CB1D9250E69E1000EDDFC /* View */ = {
			isa = PBXGroup;
			children = (
				2B9CB1DA250E69E1000EDDFC /* FavoritesViewController.swift */,
				2B9CB1DB250E69E1000EDDFC /* FavoritesView.xib */,
			);
			path = View;
			sourceTree = "<group>";
		};
		2BFEE10D250FAE60003FAB93 /* Cell */ = {
			isa = PBXGroup;
			children = (
				2BFEE10F250FAE60003FAB93 /* LocationTableViewCell.swift */,
				2BFEE10E250FAE60003FAB93 /* LocationTableViewCell.xib */,
			);
			path = Cell;
			sourceTree = "<group>";
		};
		2BFEE113250FC113003FAB93 /* Cell */ = {
			isa = PBXGroup;
			children = (
				2BFEE115250FC113003FAB93 /* RoomTableViewCell.swift */,
				2BFEE114250FC113003FAB93 /* RoomTableViewCell.xib */,
			);
			path = Cell;
			sourceTree = "<group>";
		};
		2BFF3529250E707F00158614 /* Profile */ = {
			isa = PBXGroup;
			children = (
				2BFF352A250E707F00158614 /* Wireframe */,
				2BFF352C250E707F00158614 /* View */,
			);
			path = Profile;
			sourceTree = "<group>";
		};
		2BFF352A250E707F00158614 /* Wireframe */ = {
			isa = PBXGroup;
			children = (
				2BFF352B250E707F00158614 /* ProfileWireframe.swift */,
			);
			path = Wireframe;
			sourceTree = "<group>";
		};
		2BFF352C250E707F00158614 /* View */ = {
			isa = PBXGroup;
			children = (
				2BFF352E250E707F00158614 /* ProfileViewController.swift */,
				2BFF352D250E707F00158614 /* ProfileView.xib */,
			);
			path = View;
			sourceTree = "<group>";
		};
		54892F4807926CE786895606 /* Frameworks */ = {
			isa = PBXGroup;
			children = (
				84A34D025FB1D01247DF8F34 /* Pods_Dadi.framework */,
				B0B32422ABFDF23FBAEA7493 /* Pods_DadiTests.framework */,
			);
			name = Frameworks;
			sourceTree = "<group>";
		};
		649F9B721AF0B54E1007FE44 /* Pods */ = {
			isa = PBXGroup;
			children = (
				47B42D1B9459E6A5BF2C7108 /* Pods-Dadi.debug.xcconfig */,
				D2092F74E5982530A340580A /* Pods-Dadi.release.xcconfig */,
				001C5C3FD136E54343721925 /* Pods-DadiTests.debug.xcconfig */,
				24C8161A0B642ABB05890768 /* Pods-DadiTests.release.xcconfig */,
			);
			path = Pods;
			sourceTree = "<group>";
		};
/* End PBXGroup section */

/* Begin PBXNativeTarget section */
		2B585F3924EEC6B70058107D /* Dadi */ = {
			isa = PBXNativeTarget;
			buildConfigurationList = 2B585F6424EEC6B90058107D /* Build configuration list for PBXNativeTarget "Dadi" */;
			buildPhases = (
				54CD734BAFD58BED7D89E4D0 /* [CP] Check Pods Manifest.lock */,
				2B585F3624EEC6B70058107D /* Sources */,
				2B585F3724EEC6B70058107D /* Frameworks */,
				2B585F3824EEC6B70058107D /* Resources */,
				82A7989D442A57DB8DF70826 /* [CP] Embed Pods Frameworks */,
			);
			buildRules = (
			);
			dependencies = (
			);
			name = Dadi;
			productName = Dadi;
			productReference = 2B585F3A24EEC6B70058107D /* Dadi.app */;
			productType = "com.apple.product-type.application";
		};
		2B585F4F24EEC6B90058107D /* DadiTests */ = {
			isa = PBXNativeTarget;
			buildConfigurationList = 2B585F6724EEC6B90058107D /* Build configuration list for PBXNativeTarget "DadiTests" */;
			buildPhases = (
				868C86BE8403090261B23F05 /* [CP] Check Pods Manifest.lock */,
				2B585F4C24EEC6B90058107D /* Sources */,
				2B585F4D24EEC6B90058107D /* Frameworks */,
				2B585F4E24EEC6B90058107D /* Resources */,
			);
			buildRules = (
			);
			dependencies = (
				2B585F5224EEC6B90058107D /* PBXTargetDependency */,
			);
			name = DadiTests;
			productName = DadiTests;
			productReference = 2B585F5024EEC6B90058107D /* DadiTests.xctest */;
			productType = "com.apple.product-type.bundle.unit-test";
		};
		2B585F5A24EEC6B90058107D /* DadiUITests */ = {
			isa = PBXNativeTarget;
			buildConfigurationList = 2B585F6A24EEC6B90058107D /* Build configuration list for PBXNativeTarget "DadiUITests" */;
			buildPhases = (
				2B585F5724EEC6B90058107D /* Sources */,
				2B585F5824EEC6B90058107D /* Frameworks */,
				2B585F5924EEC6B90058107D /* Resources */,
			);
			buildRules = (
			);
			dependencies = (
				2B585F5D24EEC6B90058107D /* PBXTargetDependency */,
			);
			name = DadiUITests;
			productName = DadiUITests;
			productReference = 2B585F5B24EEC6B90058107D /* DadiUITests.xctest */;
			productType = "com.apple.product-type.bundle.ui-testing";
		};
/* End PBXNativeTarget section */

/* Begin PBXProject section */
		2B585F3224EEC6B70058107D /* Project object */ = {
			isa = PBXProject;
			attributes = {
				LastSwiftUpdateCheck = 1130;
				LastUpgradeCheck = 1130;
				ORGANIZATIONNAME = "Dídac Serrano i Segarra";
				TargetAttributes = {
					2B585F3924EEC6B70058107D = {
						CreatedOnToolsVersion = 11.3.1;
					};
					2B585F4F24EEC6B90058107D = {
						CreatedOnToolsVersion = 11.3.1;
						TestTargetID = 2B585F3924EEC6B70058107D;
					};
					2B585F5A24EEC6B90058107D = {
						CreatedOnToolsVersion = 11.3.1;
						TestTargetID = 2B585F3924EEC6B70058107D;
					};
				};
			};
			buildConfigurationList = 2B585F3524EEC6B70058107D /* Build configuration list for PBXProject "Dadi" */;
			compatibilityVersion = "Xcode 9.3";
			developmentRegion = en;
			hasScannedForEncodings = 0;
			knownRegions = (
				en,
				Base,
			);
			mainGroup = 2B585F3124EEC6B70058107D;
			productRefGroup = 2B585F3B24EEC6B70058107D /* Products */;
			projectDirPath = "";
			projectRoot = "";
			targets = (
				2B585F3924EEC6B70058107D /* Dadi */,
				2B585F4F24EEC6B90058107D /* DadiTests */,
				2B585F5A24EEC6B90058107D /* DadiUITests */,
			);
		};
/* End PBXProject section */

/* Begin PBXResourcesBuildPhase section */
		2B585F3824EEC6B70058107D /* Resources */ = {
			isa = PBXResourcesBuildPhase;
			buildActionMask = 2147483647;
			files = (
				2B585F4A24EEC6B90058107D /* LaunchScreen.storyboard in Resources */,
				2B53E025250D49EC0009D517 /* RegisterView.xib in Resources */,
				2BFEE110250FAE60003FAB93 /* LocationTableViewCell.xib in Resources */,
				2B585F4724EEC6B90058107D /* Assets.xcassets in Resources */,
				2BFEE11A250FC113003FAB93 /* RoomsView.xib in Resources */,
				2BFEE109250FA002003FAB93 /* LocationsView.xib in Resources */,
				2BFEE103250F8949003FAB93 /* SeekerHomeView.xib in Resources */,
				2BFEE118250FC113003FAB93 /* RoomTableViewCell.xib in Resources */,
				2BFF3530250E707F00158614 /* ProfileView.xib in Resources */,
				2B6BBEBF250E7EB400E6E250 /* ChatsView.xib in Resources */,
				2B9CB1DE250E69E1000EDDFC /* FavoritesView.xib in Resources */,
				2B5E1160250D258C004F3636 /* LoginView.xib in Resources */,
				2B5E1154250D149E004F3636 /* EntryView.xib in Resources */,
			);
			runOnlyForDeploymentPostprocessing = 0;
		};
		2B585F4E24EEC6B90058107D /* Resources */ = {
			isa = PBXResourcesBuildPhase;
			buildActionMask = 2147483647;
			files = (
			);
			runOnlyForDeploymentPostprocessing = 0;
		};
		2B585F5924EEC6B90058107D /* Resources */ = {
			isa = PBXResourcesBuildPhase;
			buildActionMask = 2147483647;
			files = (
			);
			runOnlyForDeploymentPostprocessing = 0;
		};
/* End PBXResourcesBuildPhase section */

/* Begin PBXShellScriptBuildPhase section */
		54CD734BAFD58BED7D89E4D0 /* [CP] Check Pods Manifest.lock */ = {
			isa = PBXShellScriptBuildPhase;
			buildActionMask = 2147483647;
			files = (
			);
			inputFileListPaths = (
			);
			inputPaths = (
				"${PODS_PODFILE_DIR_PATH}/Podfile.lock",
				"${PODS_ROOT}/Manifest.lock",
			);
			name = "[CP] Check Pods Manifest.lock";
			outputFileListPaths = (
			);
			outputPaths = (
				"$(DERIVED_FILE_DIR)/Pods-Dadi-checkManifestLockResult.txt",
			);
			runOnlyForDeploymentPostprocessing = 0;
			shellPath = /bin/sh;
			shellScript = "diff \"${PODS_PODFILE_DIR_PATH}/Podfile.lock\" \"${PODS_ROOT}/Manifest.lock\" > /dev/null\nif [ $? != 0 ] ; then\n    # print error to STDERR\n    echo \"error: The sandbox is not in sync with the Podfile.lock. Run 'pod install' or update your CocoaPods installation.\" >&2\n    exit 1\nfi\n# This output is used by Xcode 'outputs' to avoid re-running this script phase.\necho \"SUCCESS\" > \"${SCRIPT_OUTPUT_FILE_0}\"\n";
			showEnvVarsInLog = 0;
		};
		82A7989D442A57DB8DF70826 /* [CP] Embed Pods Frameworks */ = {
			isa = PBXShellScriptBuildPhase;
			buildActionMask = 2147483647;
			files = (
			);
			inputFileListPaths = (
				"${PODS_ROOT}/Target Support Files/Pods-Dadi/Pods-Dadi-frameworks-${CONFIGURATION}-input-files.xcfilelist",
			);
			name = "[CP] Embed Pods Frameworks";
			outputFileListPaths = (
				"${PODS_ROOT}/Target Support Files/Pods-Dadi/Pods-Dadi-frameworks-${CONFIGURATION}-output-files.xcfilelist",
			);
			runOnlyForDeploymentPostprocessing = 0;
			shellPath = /bin/sh;
			shellScript = "\"${PODS_ROOT}/Target Support Files/Pods-Dadi/Pods-Dadi-frameworks.sh\"\n";
			showEnvVarsInLog = 0;
		};
		868C86BE8403090261B23F05 /* [CP] Check Pods Manifest.lock */ = {
			isa = PBXShellScriptBuildPhase;
			buildActionMask = 2147483647;
			files = (
			);
			inputFileListPaths = (
			);
			inputPaths = (
				"${PODS_PODFILE_DIR_PATH}/Podfile.lock",
				"${PODS_ROOT}/Manifest.lock",
			);
			name = "[CP] Check Pods Manifest.lock";
			outputFileListPaths = (
			);
			outputPaths = (
				"$(DERIVED_FILE_DIR)/Pods-DadiTests-checkManifestLockResult.txt",
			);
			runOnlyForDeploymentPostprocessing = 0;
			shellPath = /bin/sh;
			shellScript = "diff \"${PODS_PODFILE_DIR_PATH}/Podfile.lock\" \"${PODS_ROOT}/Manifest.lock\" > /dev/null\nif [ $? != 0 ] ; then\n    # print error to STDERR\n    echo \"error: The sandbox is not in sync with the Podfile.lock. Run 'pod install' or update your CocoaPods installation.\" >&2\n    exit 1\nfi\n# This output is used by Xcode 'outputs' to avoid re-running this script phase.\necho \"SUCCESS\" > \"${SCRIPT_OUTPUT_FILE_0}\"\n";
			showEnvVarsInLog = 0;
		};
/* End PBXShellScriptBuildPhase section */

/* Begin PBXSourcesBuildPhase section */
		2B585F3624EEC6B70058107D /* Sources */ = {
			isa = PBXSourcesBuildPhase;
			buildActionMask = 2147483647;
			files = (
				2BFEE105250F8AE3003FAB93 /* SeekerHomeViewController.swift in Sources */,
				2B5E1150250D0F21004F3636 /* AuthentiactionWireframeProtocol.swift in Sources */,
				2BFEE117250FC113003FAB93 /* RoomsViewController.swift in Sources */,
				2B5E114D250D085C004F3636 /* AuthenticationWireframe.swift in Sources */,
				2BFEE122250FDA97003FAB93 /* SearchInteractor.swift in Sources */,
				2BFEE124250FF619003FAB93 /* URLDataRetriever.swift in Sources */,
				2BFF352F250E707F00158614 /* ProfileWireframe.swift in Sources */,
				2BFEE120250FD016003FAB93 /* OwnerEntity.swift in Sources */,
				2BFEE1262510D068003FAB93 /* DetailViewController.swift in Sources */,
				2BFF3531250E707F00158614 /* ProfileViewController.swift in Sources */,
				2B9CB1CA250E312D000EDDFC /* SearchWireframe.swift in Sources */,
				2BFEE107250F8F83003FAB93 /* LocationsViewController.swift in Sources */,
				2B585F3E24EEC6B70058107D /* AppDelegate.swift in Sources */,
				2B585F8824EEE9D70058107D /* SearchInteractorOutputProtocol.swift in Sources */,
				2B585F7C24EEE1E30058107D /* SearchWireframeProtocol.swift in Sources */,
				2B9CB1C8250E29DD000EDDFC /* HomeTabBarController.swift in Sources */,
				2B5E115A250D2291004F3636 /* LoginViewController.swift in Sources */,
				2B585F7824EEDAC30058107D /* SearchViewProtocols.swift in Sources */,
				2B6BBEBD250E7EB400E6E250 /* ChatWireframe.swift in Sources */,
				2B9CB1DC250E69E1000EDDFC /* FavoritesWireframe.swift in Sources */,
				2BFEE119250FC113003FAB93 /* RoomTableViewCell.swift in Sources */,
				2B9CB1DD250E69E1000EDDFC /* FavoritesViewController.swift in Sources */,
				2B53E023250D49610009D517 /* RegisterViewController.swift in Sources */,
				2B585F9324EEFF640058107D /* SearchAPIDataManagerProtocol.swift in Sources */,
				2B6BBEC6250F640100E6E250 /* LocationEntity.swift in Sources */,
				2B585F9A24EF076E0058107D /* RoomDetailEntity.swift in Sources */,
				2BFEE11C250FC5B8003FAB93 /* RoomEntity.swift in Sources */,
				2B53E027250D4C2E0009D517 /* AuthenticationPresenterProtcol.swift in Sources */,
				2B585F7A24EEE1720058107D /* SearchPresenterProtocol.swift in Sources */,
				2BFEE11E250FC77C003FAB93 /* PictureEntity.swift in Sources */,
				2B5E1156250D14C0004F3636 /* EntryViewController.swift in Sources */,
				2B6BBEBE250E7EB400E6E250 /* ChatsViewController.swift in Sources */,
				2BFEE111250FAE60003FAB93 /* LocationTableViewCell.swift in Sources */,
				2B585F9124EEF2450058107D /* SearchAPIDataManager.swift in Sources */,
				2B53E02A250D4E5A0009D517 /* AuthenticationPresenter.swift in Sources */,
				2B585F8624EEE8C80058107D /* SearchInteractorInputProtocol.swift in Sources */,
				2BFEE10B250FA61F003FAB93 /* SearchPresenter.swift in Sources */,
			);
			runOnlyForDeploymentPostprocessing = 0;
		};
		2B585F4C24EEC6B90058107D /* Sources */ = {
			isa = PBXSourcesBuildPhase;
			buildActionMask = 2147483647;
			files = (
				2B585F5524EEC6B90058107D /* DadiTests.swift in Sources */,
			);
			runOnlyForDeploymentPostprocessing = 0;
		};
		2B585F5724EEC6B90058107D /* Sources */ = {
			isa = PBXSourcesBuildPhase;
			buildActionMask = 2147483647;
			files = (
				2B585F6024EEC6B90058107D /* DadiUITests.swift in Sources */,
			);
			runOnlyForDeploymentPostprocessing = 0;
		};
/* End PBXSourcesBuildPhase section */

/* Begin PBXTargetDependency section */
		2B585F5224EEC6B90058107D /* PBXTargetDependency */ = {
			isa = PBXTargetDependency;
			target = 2B585F3924EEC6B70058107D /* Dadi */;
			targetProxy = 2B585F5124EEC6B90058107D /* PBXContainerItemProxy */;
		};
		2B585F5D24EEC6B90058107D /* PBXTargetDependency */ = {
			isa = PBXTargetDependency;
			target = 2B585F3924EEC6B70058107D /* Dadi */;
			targetProxy = 2B585F5C24EEC6B90058107D /* PBXContainerItemProxy */;
		};
/* End PBXTargetDependency section */

/* Begin PBXVariantGroup section */
		2B585F4824EEC6B90058107D /* LaunchScreen.storyboard */ = {
			isa = PBXVariantGroup;
			children = (
				2B585F4924EEC6B90058107D /* Base */,
			);
			name = LaunchScreen.storyboard;
			sourceTree = "<group>";
		};
/* End PBXVariantGroup section */

/* Begin XCBuildConfiguration section */
		2B585F6224EEC6B90058107D /* Debug */ = {
			isa = XCBuildConfiguration;
			buildSettings = {
				ALWAYS_SEARCH_USER_PATHS = NO;
				CLANG_ANALYZER_NONNULL = YES;
				CLANG_ANALYZER_NUMBER_OBJECT_CONVERSION = YES_AGGRESSIVE;
				CLANG_CXX_LANGUAGE_STANDARD = "gnu++14";
				CLANG_CXX_LIBRARY = "libc++";
				CLANG_ENABLE_MODULES = YES;
				CLANG_ENABLE_OBJC_ARC = YES;
				CLANG_ENABLE_OBJC_WEAK = YES;
				CLANG_WARN_BLOCK_CAPTURE_AUTORELEASING = YES;
				CLANG_WARN_BOOL_CONVERSION = YES;
				CLANG_WARN_COMMA = YES;
				CLANG_WARN_CONSTANT_CONVERSION = YES;
				CLANG_WARN_DEPRECATED_OBJC_IMPLEMENTATIONS = YES;
				CLANG_WARN_DIRECT_OBJC_ISA_USAGE = YES_ERROR;
				CLANG_WARN_DOCUMENTATION_COMMENTS = YES;
				CLANG_WARN_EMPTY_BODY = YES;
				CLANG_WARN_ENUM_CONVERSION = YES;
				CLANG_WARN_INFINITE_RECURSION = YES;
				CLANG_WARN_INT_CONVERSION = YES;
				CLANG_WARN_NON_LITERAL_NULL_CONVERSION = YES;
				CLANG_WARN_OBJC_IMPLICIT_RETAIN_SELF = YES;
				CLANG_WARN_OBJC_LITERAL_CONVERSION = YES;
				CLANG_WARN_OBJC_ROOT_CLASS = YES_ERROR;
				CLANG_WARN_RANGE_LOOP_ANALYSIS = YES;
				CLANG_WARN_STRICT_PROTOTYPES = YES;
				CLANG_WARN_SUSPICIOUS_MOVE = YES;
				CLANG_WARN_UNGUARDED_AVAILABILITY = YES_AGGRESSIVE;
				CLANG_WARN_UNREACHABLE_CODE = YES;
				CLANG_WARN__DUPLICATE_METHOD_MATCH = YES;
				COPY_PHASE_STRIP = NO;
				DEBUG_INFORMATION_FORMAT = dwarf;
				ENABLE_STRICT_OBJC_MSGSEND = YES;
				ENABLE_TESTABILITY = YES;
				GCC_C_LANGUAGE_STANDARD = gnu11;
				GCC_DYNAMIC_NO_PIC = NO;
				GCC_NO_COMMON_BLOCKS = YES;
				GCC_OPTIMIZATION_LEVEL = 0;
				GCC_PREPROCESSOR_DEFINITIONS = (
					"DEBUG=1",
					"$(inherited)",
				);
				GCC_WARN_64_TO_32_BIT_CONVERSION = YES;
				GCC_WARN_ABOUT_RETURN_TYPE = YES_ERROR;
				GCC_WARN_UNDECLARED_SELECTOR = YES;
				GCC_WARN_UNINITIALIZED_AUTOS = YES_AGGRESSIVE;
				GCC_WARN_UNUSED_FUNCTION = YES;
				GCC_WARN_UNUSED_VARIABLE = YES;
				IPHONEOS_DEPLOYMENT_TARGET = 13.2;
				MTL_ENABLE_DEBUG_INFO = INCLUDE_SOURCE;
				MTL_FAST_MATH = YES;
				ONLY_ACTIVE_ARCH = YES;
				SDKROOT = iphoneos;
				SWIFT_ACTIVE_COMPILATION_CONDITIONS = DEBUG;
				SWIFT_OPTIMIZATION_LEVEL = "-Onone";
			};
			name = Debug;
		};
		2B585F6324EEC6B90058107D /* Release */ = {
			isa = XCBuildConfiguration;
			buildSettings = {
				ALWAYS_SEARCH_USER_PATHS = NO;
				CLANG_ANALYZER_NONNULL = YES;
				CLANG_ANALYZER_NUMBER_OBJECT_CONVERSION = YES_AGGRESSIVE;
				CLANG_CXX_LANGUAGE_STANDARD = "gnu++14";
				CLANG_CXX_LIBRARY = "libc++";
				CLANG_ENABLE_MODULES = YES;
				CLANG_ENABLE_OBJC_ARC = YES;
				CLANG_ENABLE_OBJC_WEAK = YES;
				CLANG_WARN_BLOCK_CAPTURE_AUTORELEASING = YES;
				CLANG_WARN_BOOL_CONVERSION = YES;
				CLANG_WARN_COMMA = YES;
				CLANG_WARN_CONSTANT_CONVERSION = YES;
				CLANG_WARN_DEPRECATED_OBJC_IMPLEMENTATIONS = YES;
				CLANG_WARN_DIRECT_OBJC_ISA_USAGE = YES_ERROR;
				CLANG_WARN_DOCUMENTATION_COMMENTS = YES;
				CLANG_WARN_EMPTY_BODY = YES;
				CLANG_WARN_ENUM_CONVERSION = YES;
				CLANG_WARN_INFINITE_RECURSION = YES;
				CLANG_WARN_INT_CONVERSION = YES;
				CLANG_WARN_NON_LITERAL_NULL_CONVERSION = YES;
				CLANG_WARN_OBJC_IMPLICIT_RETAIN_SELF = YES;
				CLANG_WARN_OBJC_LITERAL_CONVERSION = YES;
				CLANG_WARN_OBJC_ROOT_CLASS = YES_ERROR;
				CLANG_WARN_RANGE_LOOP_ANALYSIS = YES;
				CLANG_WARN_STRICT_PROTOTYPES = YES;
				CLANG_WARN_SUSPICIOUS_MOVE = YES;
				CLANG_WARN_UNGUARDED_AVAILABILITY = YES_AGGRESSIVE;
				CLANG_WARN_UNREACHABLE_CODE = YES;
				CLANG_WARN__DUPLICATE_METHOD_MATCH = YES;
				COPY_PHASE_STRIP = NO;
				DEBUG_INFORMATION_FORMAT = "dwarf-with-dsym";
				ENABLE_NS_ASSERTIONS = NO;
				ENABLE_STRICT_OBJC_MSGSEND = YES;
				GCC_C_LANGUAGE_STANDARD = gnu11;
				GCC_NO_COMMON_BLOCKS = YES;
				GCC_WARN_64_TO_32_BIT_CONVERSION = YES;
				GCC_WARN_ABOUT_RETURN_TYPE = YES_ERROR;
				GCC_WARN_UNDECLARED_SELECTOR = YES;
				GCC_WARN_UNINITIALIZED_AUTOS = YES_AGGRESSIVE;
				GCC_WARN_UNUSED_FUNCTION = YES;
				GCC_WARN_UNUSED_VARIABLE = YES;
				IPHONEOS_DEPLOYMENT_TARGET = 13.2;
				MTL_ENABLE_DEBUG_INFO = NO;
				MTL_FAST_MATH = YES;
				SDKROOT = iphoneos;
				SWIFT_COMPILATION_MODE = wholemodule;
				SWIFT_OPTIMIZATION_LEVEL = "-O";
				VALIDATE_PRODUCT = YES;
			};
			name = Release;
		};
		2B585F6524EEC6B90058107D /* Debug */ = {
			isa = XCBuildConfiguration;
			baseConfigurationReference = 47B42D1B9459E6A5BF2C7108 /* Pods-Dadi.debug.xcconfig */;
			buildSettings = {
				ASSETCATALOG_COMPILER_APPICON_NAME = AppIcon;
				CODE_SIGN_STYLE = Automatic;
				INFOPLIST_FILE = Dadi/SupportingFiles/Info.plist;
				LD_RUNPATH_SEARCH_PATHS = (
					"$(inherited)",
					"@executable_path/Frameworks",
				);
				PRODUCT_BUNDLE_IDENTIFIER = madebydak.Dadi;
				PRODUCT_NAME = "$(TARGET_NAME)";
				SWIFT_VERSION = 5.0;
				TARGETED_DEVICE_FAMILY = 1;
			};
			name = Debug;
		};
		2B585F6624EEC6B90058107D /* Release */ = {
			isa = XCBuildConfiguration;
			baseConfigurationReference = D2092F74E5982530A340580A /* Pods-Dadi.release.xcconfig */;
			buildSettings = {
				ASSETCATALOG_COMPILER_APPICON_NAME = AppIcon;
				CODE_SIGN_STYLE = Automatic;
				INFOPLIST_FILE = Dadi/SupportingFiles/Info.plist;
				LD_RUNPATH_SEARCH_PATHS = (
					"$(inherited)",
					"@executable_path/Frameworks",
				);
				PRODUCT_BUNDLE_IDENTIFIER = madebydak.Dadi;
				PRODUCT_NAME = "$(TARGET_NAME)";
				SWIFT_VERSION = 5.0;
				TARGETED_DEVICE_FAMILY = 1;
			};
			name = Release;
		};
		2B585F6824EEC6B90058107D /* Debug */ = {
			isa = XCBuildConfiguration;
			baseConfigurationReference = 001C5C3FD136E54343721925 /* Pods-DadiTests.debug.xcconfig */;
			buildSettings = {
				ALWAYS_EMBED_SWIFT_STANDARD_LIBRARIES = YES;
				BUNDLE_LOADER = "$(TEST_HOST)";
				CODE_SIGN_STYLE = Automatic;
				INFOPLIST_FILE = DadiTests/Info.plist;
				IPHONEOS_DEPLOYMENT_TARGET = 13.2;
				LD_RUNPATH_SEARCH_PATHS = (
					"$(inherited)",
					"@executable_path/Frameworks",
					"@loader_path/Frameworks",
				);
				PRODUCT_BUNDLE_IDENTIFIER = madebydak.DadiTests;
				PRODUCT_NAME = "$(TARGET_NAME)";
				SWIFT_VERSION = 5.0;
				TARGETED_DEVICE_FAMILY = "1,2";
				TEST_HOST = "$(BUILT_PRODUCTS_DIR)/Dadi.app/Dadi";
			};
			name = Debug;
		};
		2B585F6924EEC6B90058107D /* Release */ = {
			isa = XCBuildConfiguration;
			baseConfigurationReference = 24C8161A0B642ABB05890768 /* Pods-DadiTests.release.xcconfig */;
			buildSettings = {
				ALWAYS_EMBED_SWIFT_STANDARD_LIBRARIES = YES;
				BUNDLE_LOADER = "$(TEST_HOST)";
				CODE_SIGN_STYLE = Automatic;
				INFOPLIST_FILE = DadiTests/Info.plist;
				IPHONEOS_DEPLOYMENT_TARGET = 13.2;
				LD_RUNPATH_SEARCH_PATHS = (
					"$(inherited)",
					"@executable_path/Frameworks",
					"@loader_path/Frameworks",
				);
				PRODUCT_BUNDLE_IDENTIFIER = madebydak.DadiTests;
				PRODUCT_NAME = "$(TARGET_NAME)";
				SWIFT_VERSION = 5.0;
				TARGETED_DEVICE_FAMILY = "1,2";
				TEST_HOST = "$(BUILT_PRODUCTS_DIR)/Dadi.app/Dadi";
			};
			name = Release;
		};
		2B585F6B24EEC6B90058107D /* Debug */ = {
			isa = XCBuildConfiguration;
			buildSettings = {
				ALWAYS_EMBED_SWIFT_STANDARD_LIBRARIES = YES;
				CODE_SIGN_STYLE = Automatic;
				INFOPLIST_FILE = DadiUITests/Info.plist;
				LD_RUNPATH_SEARCH_PATHS = (
					"$(inherited)",
					"@executable_path/Frameworks",
					"@loader_path/Frameworks",
				);
				PRODUCT_BUNDLE_IDENTIFIER = madebydak.DadiUITests;
				PRODUCT_NAME = "$(TARGET_NAME)";
				SWIFT_VERSION = 5.0;
				TARGETED_DEVICE_FAMILY = "1,2";
				TEST_TARGET_NAME = Dadi;
			};
			name = Debug;
		};
		2B585F6C24EEC6B90058107D /* Release */ = {
			isa = XCBuildConfiguration;
			buildSettings = {
				ALWAYS_EMBED_SWIFT_STANDARD_LIBRARIES = YES;
				CODE_SIGN_STYLE = Automatic;
				INFOPLIST_FILE = DadiUITests/Info.plist;
				LD_RUNPATH_SEARCH_PATHS = (
					"$(inherited)",
					"@executable_path/Frameworks",
					"@loader_path/Frameworks",
				);
				PRODUCT_BUNDLE_IDENTIFIER = madebydak.DadiUITests;
				PRODUCT_NAME = "$(TARGET_NAME)";
				SWIFT_VERSION = 5.0;
				TARGETED_DEVICE_FAMILY = "1,2";
				TEST_TARGET_NAME = Dadi;
			};
			name = Release;
		};
/* End XCBuildConfiguration section */

/* Begin XCConfigurationList section */
		2B585F3524EEC6B70058107D /* Build configuration list for PBXProject "Dadi" */ = {
			isa = XCConfigurationList;
			buildConfigurations = (
				2B585F6224EEC6B90058107D /* Debug */,
				2B585F6324EEC6B90058107D /* Release */,
			);
			defaultConfigurationIsVisible = 0;
			defaultConfigurationName = Release;
		};
		2B585F6424EEC6B90058107D /* Build configuration list for PBXNativeTarget "Dadi" */ = {
			isa = XCConfigurationList;
			buildConfigurations = (
				2B585F6524EEC6B90058107D /* Debug */,
				2B585F6624EEC6B90058107D /* Release */,
			);
			defaultConfigurationIsVisible = 0;
			defaultConfigurationName = Release;
		};
		2B585F6724EEC6B90058107D /* Build configuration list for PBXNativeTarget "DadiTests" */ = {
			isa = XCConfigurationList;
			buildConfigurations = (
				2B585F6824EEC6B90058107D /* Debug */,
				2B585F6924EEC6B90058107D /* Release */,
			);
			defaultConfigurationIsVisible = 0;
			defaultConfigurationName = Release;
		};
		2B585F6A24EEC6B90058107D /* Build configuration list for PBXNativeTarget "DadiUITests" */ = {
			isa = XCConfigurationList;
			buildConfigurations = (
				2B585F6B24EEC6B90058107D /* Debug */,
				2B585F6C24EEC6B90058107D /* Release */,
			);
			defaultConfigurationIsVisible = 0;
			defaultConfigurationName = Release;
		};
/* End XCConfigurationList section */
	};
	rootObject = 2B585F3224EEC6B70058107D /* Project object */;
}
